
Microsoft Visual Studio Solution File, Format Version 12.00
# Visual Studio 15
VisualStudioVersion = 15.0.28010.2003
MinimumVisualStudioVersion = 10.0.40219.1
Project("{FAE04EC0-301F-11D3-BF4B-00C04F79EFBC}") = "IDE-ProgSistemas", "IDE-ProgSistemas\IDE-ProgSistemas.csproj", "{335A7441-295E-4A94-B26B-BA685E1D6710}"
EndProject
Global
	GlobalSection(SolutionConfigurationPlatforms) = preSolution
		Debug|Any CPU = Debug|Any CPU
		Release|Any CPU = Release|Any CPU
	EndGlobalSection
	GlobalSection(ProjectConfigurationPlatforms) = postSolution
		{335A7441-295E-4A94-B26B-BA685E1D6710}.Debug|Any CPU.ActiveCfg = Debug|Any CPU
		{335A7441-295E-4A94-B26B-BA685E1D6710}.Debug|Any CPU.Build.0 = Debug|Any CPU
		{335A7441-295E-4A94-B26B-BA685E1D6710}.Release|Any CPU.ActiveCfg = Release|Any CPU
		{335A7441-295E-4A94-B26B-BA685E1D6710}.Release|Any CPU.Build.0 = Release|Any CPU
	EndGlobalSection
	GlobalSection(SolutionProperties) = preSolution
		HideSolutionNode = FALSE
	EndGlobalSection
	GlobalSection(ExtensibilityGlobals) = postSolution
		SolutionGuid = {87618D7A-3923-4AC2-894F-5120C0190E94}
	EndGlobalSection
EndGlobal
